
Microsoft Visual Studio Solution File, Format Version 12.00
# Visual Studio Version 16
VisualStudioVersion = 16.0.29418.71
MinimumVisualStudioVersion = 10.0.40219.1
Project("{2150E333-8FDC-42A3-9474-1A3956D46DE8}") = "samples", "samples", "{959E8356-9730-4855-8F4D-6376B8BCB4F2}"
EndProject
Project("{2150E333-8FDC-42A3-9474-1A3956D46DE8}") = "src", "src", "{B8259074-F610-4834-AAFB-A86316ADB663}"
EndProject
Project("{9A19103F-16F7-4668-BE54-9A1E7A4F7556}") = "Orleans.Security.Authorization", "src\Orleans.Security.Authorization\Orleans.Security.Authorization.csproj", "{CA982BF3-E940-4853-988B-A93046E92A36}"
EndProject
Project("{2150E333-8FDC-42A3-9474-1A3956D46DE8}") = "test", "test", "{E01BBEE2-F8CA-4DA9-A0E8-641CFD1B7AB2}"
EndProject
Project("{9A19103F-16F7-4668-BE54-9A1E7A4F7556}") = "Orleans.Security.IntegrationTests", "test\Orleans.Security.IntegrationTests\Orleans.Security.IntegrationTests.csproj", "{41781993-78CB-4B43-B1B8-7B6C0E85AEF1}"
EndProject
Project("{9A19103F-16F7-4668-BE54-9A1E7A4F7556}") = "Orleans.Security.Client", "src\Orleans.Security.Client\Orleans.Security.Client.csproj", "{B0D04904-4301-46AD-A76A-E1AA2ED6A1AD}"
EndProject
Project("{9A19103F-16F7-4668-BE54-9A1E7A4F7556}") = "Orleans.Security.Clustering", "src\Orleans.Security.Clustering\Orleans.Security.Clustering.csproj", "{4ECB642E-F0F6-41E7-93F5-642D1B5DBBCB}"
EndProject
Project("{9A19103F-16F7-4668-BE54-9A1E7A4F7556}") = "Orleans.Security.IntegrationTests.TokenVerification", "test\Orleans.Security.IntegrationTests.TokenVerification\Orleans.Security.IntegrationTests.TokenVerification.csproj", "{A9D2B42B-DCCD-491C-A3D9-24F12979950A}"
EndProject
Project("{6EC3EE1D-3C4E-46DD-8F32-0CC8E7565705}") = "Orleans.Security.IntegrationTests.FSharp", "test\Orleans.Security.IntegrationTests.Functional\Orleans.Security.IntegrationTests.FSharp.fsproj", "{6F91437D-1694-4B21-830F-720FD00D44B2}"
EndProject
Project("{2150E333-8FDC-42A3-9474-1A3956D46DE8}") = "dotnetcore-3-1", "dotnetcore-3-1", "{1D04D0C8-EC9A-414B-B6B6-B1B4F59A5598}"
EndProject
Project("{9A19103F-16F7-4668-BE54-9A1E7A4F7556}") = "Api", "samples\dotnetcore-3-1\Api\Api.csproj", "{1727B65F-17A4-43FA-B1BB-98FCC84AF9BE}"
EndProject
Project("{9A19103F-16F7-4668-BE54-9A1E7A4F7556}") = "ConsoleClient", "samples\dotnetcore-3-1\ConsoleClient\ConsoleClient.csproj", "{AC7C8CB3-8C9E-4849-8474-CFB2BCD55CC6}"
EndProject
Project("{9A19103F-16F7-4668-BE54-9A1E7A4F7556}") = "IdentityServer", "samples\dotnetcore-3-1\IdentityServer\IdentityServer.csproj", "{A6AEFAE1-F4A3-4F6D-8766-80ADD71F257A}"
EndProject
Project("{9A19103F-16F7-4668-BE54-9A1E7A4F7556}") = "SiloHost1", "samples\dotnetcore-3-1\SiloHost1\SiloHost1.csproj", "{C6864209-EC40-4B12-878C-4E7690DD54A8}"
EndProject
Project("{9A19103F-16F7-4668-BE54-9A1E7A4F7556}") = "WebClient", "samples\dotnetcore-3-1\WebClient\WebClient.csproj", "{9E3BE3B5-5BB6-4213-84C9-364F1525F4DC}"
EndProject
Project("{9A19103F-16F7-4668-BE54-9A1E7A4F7556}") = "Orleans.Security.IntegrationTests.Grains", "test\Orleans.Security.IntegrationTests.Grains\Orleans.Security.IntegrationTests.Grains.csproj", "{E475C3ED-3ADE-4E65-90DD-03ED5CFB8CC2}"
EndProject
Project("{2150E333-8FDC-42A3-9474-1A3956D46DE8}") = "aspnetcore-co-hosting", "aspnetcore-co-hosting", "{5B25CCAC-F571-47A5-AB5F-CA7B877A74D7}"
EndProject
Project("{9A19103F-16F7-4668-BE54-9A1E7A4F7556}") = "WebClient", "samples\aspnetcore-co-hosting\WebClient\WebClient.csproj", "{B83BC314-4A18-4FE9-B164-1342FAAEC169}"
EndProject
Project("{9A19103F-16F7-4668-BE54-9A1E7A4F7556}") = "ApiAndSiloHost", "samples\aspnetcore-co-hosting\ApiAndSiloHost\ApiAndSiloHost.csproj", "{EDBA75E1-B8A8-4821-ACF2-02C21EE5AF2E}"
EndProject
Project("{9A19103F-16F7-4668-BE54-9A1E7A4F7556}") = "Grains", "samples\aspnetcore-co-hosting\Grains\Grains.csproj", "{9A31A455-7779-4050-B4A2-C88C6C6BCBDC}"
EndProject
Project("{9A19103F-16F7-4668-BE54-9A1E7A4F7556}") = "IdentityServer", "samples\aspnetcore-co-hosting\IdentityServer\IdentityServer.csproj", "{E8E428A7-EECD-4291-B1F3-8066EA226647}"
EndProject
Project("{6EC3EE1D-3C4E-46DD-8F32-0CC8E7565705}") = "Orleans.Security", "src\Orleans.Security\Orleans.Security.fsproj", "{444D48B9-3088-4853-BB8D-0657B16FDE6F}"
EndProject
Project("{9A19103F-16F7-4668-BE54-9A1E7A4F7556}") = "Orleans.Security.Tests", "test\Orleans.Security.Tests\Orleans.Security.Tests.csproj", "{F8B97F66-AAE3-4888-965A-C4CC0305BF3A}"
EndProject
Project("{9A19103F-16F7-4668-BE54-9A1E7A4F7556}") = "Orleans.Security.Interoperability", "src\Orleans.Security.Interoperability\Orleans.Security.Interoperability.csproj", "{74A6CC8B-145D-4B46-95EE-F6EA687F7C60}"
EndProject
Project("{2150E333-8FDC-42A3-9474-1A3956D46DE8}") = "dotnet-5", "dotnet-5", "{F2930E86-703A-401D-ADFA-B5F40C8A9979}"
EndProject
Project("{9A19103F-16F7-4668-BE54-9A1E7A4F7556}") = "SiloHost1", "samples\dotnet-5\SiloHost1\SiloHost1.csproj", "{4AFCD4A2-3820-45FE-ADC2-1C8A666E06B2}"
EndProject
Project("{9A19103F-16F7-4668-BE54-9A1E7A4F7556}") = "GrainsInterfaces", "samples\dotnet-5\GrainsInterfaces\GrainsInterfaces.csproj", "{E347499F-DDFA-43E6-9BF6-619DD77869E6}"
EndProject
Project("{9A19103F-16F7-4668-BE54-9A1E7A4F7556}") = "Grains", "samples\dotnet-5\Grains\Grains.csproj", "{E38C2518-1AC4-41FF-BDFF-4FB8FC99EEE4}"
EndProject
Project("{9A19103F-16F7-4668-BE54-9A1E7A4F7556}") = "Grains", "samples\dotnetcore-3-1\Grains\Grains.csproj", "{D9E8C145-5F70-4AB3-9A09-EA581259CE2B}"
EndProject
Project("{9A19103F-16F7-4668-BE54-9A1E7A4F7556}") = "IdentityServer", "samples\dotnet-5\IdentityServer\IdentityServer.csproj", "{2C5FD070-4789-404C-A4EE-185A02B36A70}"
EndProject
Project("{9A19103F-16F7-4668-BE54-9A1E7A4F7556}") = "WebClient", "samples\dotnet-5\WebClient\WebClient.csproj", "{30BF816F-C608-452D-82CE-3516E33B34C6}"
EndProject
Project("{9A19103F-16F7-4668-BE54-9A1E7A4F7556}") = "ConsoleClient", "samples\dotnet-5\ConsoleClient\ConsoleClient.csproj", "{AE0AD81E-0845-4569-B01B-6068A6D28ED0}"
EndProject
Project("{9A19103F-16F7-4668-BE54-9A1E7A4F7556}") = "Api", "samples\dotnet-5\Api\Api.csproj", "{FD133EE9-E6EE-4C9A-8C25-3AEDC369DE93}"
EndProject
Project("{9A19103F-16F7-4668-BE54-9A1E7A4F7556}") = "GrainsInterfaces", "samples\dotnetcore-3-1\GrainsInterfaces\GrainsInterfaces.csproj", "{D44EBF6A-11AF-492B-A5AB-BBCE436C8E3D}"
EndProject
Global
	GlobalSection(SolutionConfigurationPlatforms) = preSolution
		Debug|Any CPU = Debug|Any CPU
		Release|Any CPU = Release|Any CPU
	EndGlobalSection
	GlobalSection(ProjectConfigurationPlatforms) = postSolution
		{CA982BF3-E940-4853-988B-A93046E92A36}.Debug|Any CPU.ActiveCfg = Debug|Any CPU
		{CA982BF3-E940-4853-988B-A93046E92A36}.Debug|Any CPU.Build.0 = Debug|Any CPU
		{CA982BF3-E940-4853-988B-A93046E92A36}.Release|Any CPU.ActiveCfg = Release|Any CPU
		{CA982BF3-E940-4853-988B-A93046E92A36}.Release|Any CPU.Build.0 = Release|Any CPU
		{41781993-78CB-4B43-B1B8-7B6C0E85AEF1}.Debug|Any CPU.ActiveCfg = Debug|Any CPU
		{41781993-78CB-4B43-B1B8-7B6C0E85AEF1}.Debug|Any CPU.Build.0 = Debug|Any CPU
		{41781993-78CB-4B43-B1B8-7B6C0E85AEF1}.Release|Any CPU.ActiveCfg = Release|Any CPU
		{41781993-78CB-4B43-B1B8-7B6C0E85AEF1}.Release|Any CPU.Build.0 = Release|Any CPU
		{B0D04904-4301-46AD-A76A-E1AA2ED6A1AD}.Debug|Any CPU.ActiveCfg = Debug|Any CPU
		{B0D04904-4301-46AD-A76A-E1AA2ED6A1AD}.Debug|Any CPU.Build.0 = Debug|Any CPU
		{B0D04904-4301-46AD-A76A-E1AA2ED6A1AD}.Release|Any CPU.ActiveCfg = Release|Any CPU
		{B0D04904-4301-46AD-A76A-E1AA2ED6A1AD}.Release|Any CPU.Build.0 = Release|Any CPU
		{4ECB642E-F0F6-41E7-93F5-642D1B5DBBCB}.Debug|Any CPU.ActiveCfg = Debug|Any CPU
		{4ECB642E-F0F6-41E7-93F5-642D1B5DBBCB}.Debug|Any CPU.Build.0 = Debug|Any CPU
		{4ECB642E-F0F6-41E7-93F5-642D1B5DBBCB}.Release|Any CPU.ActiveCfg = Release|Any CPU
		{4ECB642E-F0F6-41E7-93F5-642D1B5DBBCB}.Release|Any CPU.Build.0 = Release|Any CPU
		{A9D2B42B-DCCD-491C-A3D9-24F12979950A}.Debug|Any CPU.ActiveCfg = Debug|Any CPU
		{A9D2B42B-DCCD-491C-A3D9-24F12979950A}.Debug|Any CPU.Build.0 = Debug|Any CPU
		{A9D2B42B-DCCD-491C-A3D9-24F12979950A}.Release|Any CPU.ActiveCfg = Release|Any CPU
		{A9D2B42B-DCCD-491C-A3D9-24F12979950A}.Release|Any CPU.Build.0 = Release|Any CPU
		{6F91437D-1694-4B21-830F-720FD00D44B2}.Debug|Any CPU.ActiveCfg = Debug|Any CPU
		{6F91437D-1694-4B21-830F-720FD00D44B2}.Debug|Any CPU.Build.0 = Debug|Any CPU
		{6F91437D-1694-4B21-830F-720FD00D44B2}.Release|Any CPU.ActiveCfg = Release|Any CPU
		{6F91437D-1694-4B21-830F-720FD00D44B2}.Release|Any CPU.Build.0 = Release|Any CPU
		{1727B65F-17A4-43FA-B1BB-98FCC84AF9BE}.Debug|Any CPU.ActiveCfg = Debug|Any CPU
		{1727B65F-17A4-43FA-B1BB-98FCC84AF9BE}.Debug|Any CPU.Build.0 = Debug|Any CPU
		{1727B65F-17A4-43FA-B1BB-98FCC84AF9BE}.Release|Any CPU.ActiveCfg = Release|Any CPU
		{1727B65F-17A4-43FA-B1BB-98FCC84AF9BE}.Release|Any CPU.Build.0 = Release|Any CPU
		{AC7C8CB3-8C9E-4849-8474-CFB2BCD55CC6}.Debug|Any CPU.ActiveCfg = Debug|Any CPU
		{AC7C8CB3-8C9E-4849-8474-CFB2BCD55CC6}.Debug|Any CPU.Build.0 = Debug|Any CPU
		{AC7C8CB3-8C9E-4849-8474-CFB2BCD55CC6}.Release|Any CPU.ActiveCfg = Release|Any CPU
		{AC7C8CB3-8C9E-4849-8474-CFB2BCD55CC6}.Release|Any CPU.Build.0 = Release|Any CPU
		{A6AEFAE1-F4A3-4F6D-8766-80ADD71F257A}.Debug|Any CPU.ActiveCfg = Debug|Any CPU
		{A6AEFAE1-F4A3-4F6D-8766-80ADD71F257A}.Debug|Any CPU.Build.0 = Debug|Any CPU
		{A6AEFAE1-F4A3-4F6D-8766-80ADD71F257A}.Release|Any CPU.ActiveCfg = Release|Any CPU
		{A6AEFAE1-F4A3-4F6D-8766-80ADD71F257A}.Release|Any CPU.Build.0 = Release|Any CPU
		{C6864209-EC40-4B12-878C-4E7690DD54A8}.Debug|Any CPU.ActiveCfg = Debug|Any CPU
		{C6864209-EC40-4B12-878C-4E7690DD54A8}.Debug|Any CPU.Build.0 = Debug|Any CPU
		{C6864209-EC40-4B12-878C-4E7690DD54A8}.Release|Any CPU.ActiveCfg = Release|Any CPU
		{C6864209-EC40-4B12-878C-4E7690DD54A8}.Release|Any CPU.Build.0 = Release|Any CPU
		{9E3BE3B5-5BB6-4213-84C9-364F1525F4DC}.Debug|Any CPU.ActiveCfg = Debug|Any CPU
		{9E3BE3B5-5BB6-4213-84C9-364F1525F4DC}.Debug|Any CPU.Build.0 = Debug|Any CPU
		{9E3BE3B5-5BB6-4213-84C9-364F1525F4DC}.Release|Any CPU.ActiveCfg = Release|Any CPU
		{9E3BE3B5-5BB6-4213-84C9-364F1525F4DC}.Release|Any CPU.Build.0 = Release|Any CPU
		{E475C3ED-3ADE-4E65-90DD-03ED5CFB8CC2}.Debug|Any CPU.ActiveCfg = Debug|Any CPU
		{E475C3ED-3ADE-4E65-90DD-03ED5CFB8CC2}.Debug|Any CPU.Build.0 = Debug|Any CPU
		{E475C3ED-3ADE-4E65-90DD-03ED5CFB8CC2}.Release|Any CPU.ActiveCfg = Release|Any CPU
		{E475C3ED-3ADE-4E65-90DD-03ED5CFB8CC2}.Release|Any CPU.Build.0 = Release|Any CPU
		{B83BC314-4A18-4FE9-B164-1342FAAEC169}.Debug|Any CPU.ActiveCfg = Debug|Any CPU
		{B83BC314-4A18-4FE9-B164-1342FAAEC169}.Debug|Any CPU.Build.0 = Debug|Any CPU
		{B83BC314-4A18-4FE9-B164-1342FAAEC169}.Release|Any CPU.ActiveCfg = Release|Any CPU
		{B83BC314-4A18-4FE9-B164-1342FAAEC169}.Release|Any CPU.Build.0 = Release|Any CPU
		{EDBA75E1-B8A8-4821-ACF2-02C21EE5AF2E}.Debug|Any CPU.ActiveCfg = Debug|Any CPU
		{EDBA75E1-B8A8-4821-ACF2-02C21EE5AF2E}.Debug|Any CPU.Build.0 = Debug|Any CPU
		{EDBA75E1-B8A8-4821-ACF2-02C21EE5AF2E}.Release|Any CPU.ActiveCfg = Release|Any CPU
		{EDBA75E1-B8A8-4821-ACF2-02C21EE5AF2E}.Release|Any CPU.Build.0 = Release|Any CPU
		{9A31A455-7779-4050-B4A2-C88C6C6BCBDC}.Debug|Any CPU.ActiveCfg = Debug|Any CPU
		{9A31A455-7779-4050-B4A2-C88C6C6BCBDC}.Debug|Any CPU.Build.0 = Debug|Any CPU
		{9A31A455-7779-4050-B4A2-C88C6C6BCBDC}.Release|Any CPU.ActiveCfg = Release|Any CPU
		{9A31A455-7779-4050-B4A2-C88C6C6BCBDC}.Release|Any CPU.Build.0 = Release|Any CPU
		{E8E428A7-EECD-4291-B1F3-8066EA226647}.Debug|Any CPU.ActiveCfg = Debug|Any CPU
		{E8E428A7-EECD-4291-B1F3-8066EA226647}.Debug|Any CPU.Build.0 = Debug|Any CPU
		{E8E428A7-EECD-4291-B1F3-8066EA226647}.Release|Any CPU.ActiveCfg = Release|Any CPU
		{E8E428A7-EECD-4291-B1F3-8066EA226647}.Release|Any CPU.Build.0 = Release|Any CPU
		{444D48B9-3088-4853-BB8D-0657B16FDE6F}.Debug|Any CPU.ActiveCfg = Debug|Any CPU
		{444D48B9-3088-4853-BB8D-0657B16FDE6F}.Debug|Any CPU.Build.0 = Debug|Any CPU
		{444D48B9-3088-4853-BB8D-0657B16FDE6F}.Release|Any CPU.ActiveCfg = Release|Any CPU
		{444D48B9-3088-4853-BB8D-0657B16FDE6F}.Release|Any CPU.Build.0 = Release|Any CPU
		{F8B97F66-AAE3-4888-965A-C4CC0305BF3A}.Debug|Any CPU.ActiveCfg = Debug|Any CPU
		{F8B97F66-AAE3-4888-965A-C4CC0305BF3A}.Debug|Any CPU.Build.0 = Debug|Any CPU
		{F8B97F66-AAE3-4888-965A-C4CC0305BF3A}.Release|Any CPU.ActiveCfg = Release|Any CPU
		{F8B97F66-AAE3-4888-965A-C4CC0305BF3A}.Release|Any CPU.Build.0 = Release|Any CPU
		{74A6CC8B-145D-4B46-95EE-F6EA687F7C60}.Debug|Any CPU.ActiveCfg = Debug|Any CPU
		{74A6CC8B-145D-4B46-95EE-F6EA687F7C60}.Debug|Any CPU.Build.0 = Debug|Any CPU
		{74A6CC8B-145D-4B46-95EE-F6EA687F7C60}.Release|Any CPU.ActiveCfg = Release|Any CPU
		{74A6CC8B-145D-4B46-95EE-F6EA687F7C60}.Release|Any CPU.Build.0 = Release|Any CPU
		{4AFCD4A2-3820-45FE-ADC2-1C8A666E06B2}.Debug|Any CPU.ActiveCfg = Debug|Any CPU
		{4AFCD4A2-3820-45FE-ADC2-1C8A666E06B2}.Debug|Any CPU.Build.0 = Debug|Any CPU
		{4AFCD4A2-3820-45FE-ADC2-1C8A666E06B2}.Release|Any CPU.ActiveCfg = Release|Any CPU
		{4AFCD4A2-3820-45FE-ADC2-1C8A666E06B2}.Release|Any CPU.Build.0 = Release|Any CPU
		{E347499F-DDFA-43E6-9BF6-619DD77869E6}.Debug|Any CPU.ActiveCfg = Debug|Any CPU
		{E347499F-DDFA-43E6-9BF6-619DD77869E6}.Debug|Any CPU.Build.0 = Debug|Any CPU
		{E347499F-DDFA-43E6-9BF6-619DD77869E6}.Release|Any CPU.ActiveCfg = Release|Any CPU
		{E347499F-DDFA-43E6-9BF6-619DD77869E6}.Release|Any CPU.Build.0 = Release|Any CPU
		{E38C2518-1AC4-41FF-BDFF-4FB8FC99EEE4}.Debug|Any CPU.ActiveCfg = Debug|Any CPU
		{E38C2518-1AC4-41FF-BDFF-4FB8FC99EEE4}.Debug|Any CPU.Build.0 = Debug|Any CPU
		{E38C2518-1AC4-41FF-BDFF-4FB8FC99EEE4}.Release|Any CPU.ActiveCfg = Release|Any CPU
		{E38C2518-1AC4-41FF-BDFF-4FB8FC99EEE4}.Release|Any CPU.Build.0 = Release|Any CPU
		{D9E8C145-5F70-4AB3-9A09-EA581259CE2B}.Debug|Any CPU.ActiveCfg = Debug|Any CPU
		{D9E8C145-5F70-4AB3-9A09-EA581259CE2B}.Debug|Any CPU.Build.0 = Debug|Any CPU
		{D9E8C145-5F70-4AB3-9A09-EA581259CE2B}.Release|Any CPU.ActiveCfg = Release|Any CPU
		{D9E8C145-5F70-4AB3-9A09-EA581259CE2B}.Release|Any CPU.Build.0 = Release|Any CPU
		{2C5FD070-4789-404C-A4EE-185A02B36A70}.Debug|Any CPU.ActiveCfg = Debug|Any CPU
		{2C5FD070-4789-404C-A4EE-185A02B36A70}.Debug|Any CPU.Build.0 = Debug|Any CPU
		{2C5FD070-4789-404C-A4EE-185A02B36A70}.Release|Any CPU.ActiveCfg = Release|Any CPU
		{2C5FD070-4789-404C-A4EE-185A02B36A70}.Release|Any CPU.Build.0 = Release|Any CPU
		{30BF816F-C608-452D-82CE-3516E33B34C6}.Debug|Any CPU.ActiveCfg = Debug|Any CPU
		{30BF816F-C608-452D-82CE-3516E33B34C6}.Debug|Any CPU.Build.0 = Debug|Any CPU
		{30BF816F-C608-452D-82CE-3516E33B34C6}.Release|Any CPU.ActiveCfg = Release|Any CPU
		{30BF816F-C608-452D-82CE-3516E33B34C6}.Release|Any CPU.Build.0 = Release|Any CPU
		{AE0AD81E-0845-4569-B01B-6068A6D28ED0}.Debug|Any CPU.ActiveCfg = Debug|Any CPU
		{AE0AD81E-0845-4569-B01B-6068A6D28ED0}.Debug|Any CPU.Build.0 = Debug|Any CPU
		{AE0AD81E-0845-4569-B01B-6068A6D28ED0}.Release|Any CPU.ActiveCfg = Release|Any CPU
		{AE0AD81E-0845-4569-B01B-6068A6D28ED0}.Release|Any CPU.Build.0 = Release|Any CPU
		{FD133EE9-E6EE-4C9A-8C25-3AEDC369DE93}.Debug|Any CPU.ActiveCfg = Debug|Any CPU
		{FD133EE9-E6EE-4C9A-8C25-3AEDC369DE93}.Debug|Any CPU.Build.0 = Debug|Any CPU
		{FD133EE9-E6EE-4C9A-8C25-3AEDC369DE93}.Release|Any CPU.ActiveCfg = Release|Any CPU
		{FD133EE9-E6EE-4C9A-8C25-3AEDC369DE93}.Release|Any CPU.Build.0 = Release|Any CPU
		{D44EBF6A-11AF-492B-A5AB-BBCE436C8E3D}.Debug|Any CPU.ActiveCfg = Debug|Any CPU
		{D44EBF6A-11AF-492B-A5AB-BBCE436C8E3D}.Debug|Any CPU.Build.0 = Debug|Any CPU
		{D44EBF6A-11AF-492B-A5AB-BBCE436C8E3D}.Release|Any CPU.ActiveCfg = Release|Any CPU
		{D44EBF6A-11AF-492B-A5AB-BBCE436C8E3D}.Release|Any CPU.Build.0 = Release|Any CPU
	EndGlobalSection
	GlobalSection(SolutionProperties) = preSolution
		HideSolutionNode = FALSE
	EndGlobalSection
	GlobalSection(NestedProjects) = preSolution
		{CA982BF3-E940-4853-988B-A93046E92A36} = {B8259074-F610-4834-AAFB-A86316ADB663}
		{41781993-78CB-4B43-B1B8-7B6C0E85AEF1} = {E01BBEE2-F8CA-4DA9-A0E8-641CFD1B7AB2}
		{B0D04904-4301-46AD-A76A-E1AA2ED6A1AD} = {B8259074-F610-4834-AAFB-A86316ADB663}
		{4ECB642E-F0F6-41E7-93F5-642D1B5DBBCB} = {B8259074-F610-4834-AAFB-A86316ADB663}
		{A9D2B42B-DCCD-491C-A3D9-24F12979950A} = {E01BBEE2-F8CA-4DA9-A0E8-641CFD1B7AB2}
		{6F91437D-1694-4B21-830F-720FD00D44B2} = {E01BBEE2-F8CA-4DA9-A0E8-641CFD1B7AB2}
		{1D04D0C8-EC9A-414B-B6B6-B1B4F59A5598} = {959E8356-9730-4855-8F4D-6376B8BCB4F2}
		{1727B65F-17A4-43FA-B1BB-98FCC84AF9BE} = {1D04D0C8-EC9A-414B-B6B6-B1B4F59A5598}
		{AC7C8CB3-8C9E-4849-8474-CFB2BCD55CC6} = {1D04D0C8-EC9A-414B-B6B6-B1B4F59A5598}
		{A6AEFAE1-F4A3-4F6D-8766-80ADD71F257A} = {1D04D0C8-EC9A-414B-B6B6-B1B4F59A5598}
		{C6864209-EC40-4B12-878C-4E7690DD54A8} = {1D04D0C8-EC9A-414B-B6B6-B1B4F59A5598}
		{9E3BE3B5-5BB6-4213-84C9-364F1525F4DC} = {1D04D0C8-EC9A-414B-B6B6-B1B4F59A5598}
		{E475C3ED-3ADE-4E65-90DD-03ED5CFB8CC2} = {E01BBEE2-F8CA-4DA9-A0E8-641CFD1B7AB2}
		{5B25CCAC-F571-47A5-AB5F-CA7B877A74D7} = {959E8356-9730-4855-8F4D-6376B8BCB4F2}
		{B83BC314-4A18-4FE9-B164-1342FAAEC169} = {5B25CCAC-F571-47A5-AB5F-CA7B877A74D7}
		{EDBA75E1-B8A8-4821-ACF2-02C21EE5AF2E} = {5B25CCAC-F571-47A5-AB5F-CA7B877A74D7}
		{9A31A455-7779-4050-B4A2-C88C6C6BCBDC} = {5B25CCAC-F571-47A5-AB5F-CA7B877A74D7}
		{E8E428A7-EECD-4291-B1F3-8066EA226647} = {5B25CCAC-F571-47A5-AB5F-CA7B877A74D7}
		{444D48B9-3088-4853-BB8D-0657B16FDE6F} = {B8259074-F610-4834-AAFB-A86316ADB663}
		{F8B97F66-AAE3-4888-965A-C4CC0305BF3A} = {E01BBEE2-F8CA-4DA9-A0E8-641CFD1B7AB2}
		{74A6CC8B-145D-4B46-95EE-F6EA687F7C60} = {B8259074-F610-4834-AAFB-A86316ADB663}
		{F2930E86-703A-401D-ADFA-B5F40C8A9979} = {959E8356-9730-4855-8F4D-6376B8BCB4F2}
		{4AFCD4A2-3820-45FE-ADC2-1C8A666E06B2} = {F2930E86-703A-401D-ADFA-B5F40C8A9979}
		{E347499F-DDFA-43E6-9BF6-619DD77869E6} = {F2930E86-703A-401D-ADFA-B5F40C8A9979}
		{E38C2518-1AC4-41FF-BDFF-4FB8FC99EEE4} = {F2930E86-703A-401D-ADFA-B5F40C8A9979}
		{D9E8C145-5F70-4AB3-9A09-EA581259CE2B} = {1D04D0C8-EC9A-414B-B6B6-B1B4F59A5598}
		{2C5FD070-4789-404C-A4EE-185A02B36A70} = {F2930E86-703A-401D-ADFA-B5F40C8A9979}
		{30BF816F-C608-452D-82CE-3516E33B34C6} = {F2930E86-703A-401D-ADFA-B5F40C8A9979}
		{AE0AD81E-0845-4569-B01B-6068A6D28ED0} = {F2930E86-703A-401D-ADFA-B5F40C8A9979}
		{FD133EE9-E6EE-4C9A-8C25-3AEDC369DE93} = {F2930E86-703A-401D-ADFA-B5F40C8A9979}
		{D44EBF6A-11AF-492B-A5AB-BBCE436C8E3D} = {1D04D0C8-EC9A-414B-B6B6-B1B4F59A5598}
	EndGlobalSection
	GlobalSection(ExtensibilityGlobals) = postSolution
		SolutionGuid = {A230B4DE-036D-4400-ABD6-F39E51AA3F36}
	EndGlobalSection
EndGlobal
