
Microsoft Visual Studio Solution File, Format Version 12.00
# Visual Studio Version 16
VisualStudioVersion = 16.0.29728.190
MinimumVisualStudioVersion = 10.0.40219.1
Project("{9A19103F-16F7-4668-BE54-9A1E7A4F7556}") = "Orleans.Security.Authorization", "src\Orleans.Security.Authorization\Orleans.Security.Authorization.csproj", "{EDFACD48-6377-41F6-B7E5-23B055062932}"
EndProject
Project("{9A19103F-16F7-4668-BE54-9A1E7A4F7556}") = "Orleans.Security.Client", "src\Orleans.Security.Client\Orleans.Security.Client.csproj", "{4AB0EAF5-F298-4C58-8A77-2D307131C73E}"
EndProject
Project("{9A19103F-16F7-4668-BE54-9A1E7A4F7556}") = "Orleans.Security.Clustering", "src\Orleans.Security.Clustering\Orleans.Security.Clustering.csproj", "{205066E5-EB89-4AC0-BA24-AFF1474A9C81}"
EndProject
Project("{6EC3EE1D-3C4E-46DD-8F32-0CC8E7565705}") = "Orleans.Security", "src\Orleans.Security\Orleans.Security.fsproj", "{9F930B79-9460-470C-9EA3-CBFB9FF0B673}"
EndProject
Project("{9A19103F-16F7-4668-BE54-9A1E7A4F7556}") = "Orleans.Security.Interoperability", "src\Orleans.Security.Interoperability\Orleans.Security.Interoperability.csproj", "{249F5ABC-C1B6-4AB3-98AD-980D90E9B559}"
EndProject
Global
	GlobalSection(SolutionConfigurationPlatforms) = preSolution
		Debug|Any CPU = Debug|Any CPU
		Release|Any CPU = Release|Any CPU
	EndGlobalSection
	GlobalSection(ProjectConfigurationPlatforms) = postSolution
		{EDFACD48-6377-41F6-B7E5-23B055062932}.Debug|Any CPU.ActiveCfg = Debug|Any CPU
		{EDFACD48-6377-41F6-B7E5-23B055062932}.Debug|Any CPU.Build.0 = Debug|Any CPU
		{EDFACD48-6377-41F6-B7E5-23B055062932}.Release|Any CPU.ActiveCfg = Release|Any CPU
		{EDFACD48-6377-41F6-B7E5-23B055062932}.Release|Any CPU.Build.0 = Release|Any CPU
		{4AB0EAF5-F298-4C58-8A77-2D307131C73E}.Debug|Any CPU.ActiveCfg = Debug|Any CPU
		{4AB0EAF5-F298-4C58-8A77-2D307131C73E}.Debug|Any CPU.Build.0 = Debug|Any CPU
		{4AB0EAF5-F298-4C58-8A77-2D307131C73E}.Release|Any CPU.ActiveCfg = Release|Any CPU
		{4AB0EAF5-F298-4C58-8A77-2D307131C73E}.Release|Any CPU.Build.0 = Release|Any CPU
		{205066E5-EB89-4AC0-BA24-AFF1474A9C81}.Debug|Any CPU.ActiveCfg = Debug|Any CPU
		{205066E5-EB89-4AC0-BA24-AFF1474A9C81}.Debug|Any CPU.Build.0 = Debug|Any CPU
		{205066E5-EB89-4AC0-BA24-AFF1474A9C81}.Release|Any CPU.ActiveCfg = Release|Any CPU
		{205066E5-EB89-4AC0-BA24-AFF1474A9C81}.Release|Any CPU.Build.0 = Release|Any CPU
		{9F930B79-9460-470C-9EA3-CBFB9FF0B673}.Debug|Any CPU.ActiveCfg = Debug|Any CPU
		{9F930B79-9460-470C-9EA3-CBFB9FF0B673}.Debug|Any CPU.Build.0 = Debug|Any CPU
		{9F930B79-9460-470C-9EA3-CBFB9FF0B673}.Release|Any CPU.ActiveCfg = Release|Any CPU
		{9F930B79-9460-470C-9EA3-CBFB9FF0B673}.Release|Any CPU.Build.0 = Release|Any CPU
		{249F5ABC-C1B6-4AB3-98AD-980D90E9B559}.Debug|Any CPU.ActiveCfg = Debug|Any CPU
		{249F5ABC-C1B6-4AB3-98AD-980D90E9B559}.Debug|Any CPU.Build.0 = Debug|Any CPU
		{249F5ABC-C1B6-4AB3-98AD-980D90E9B559}.Release|Any CPU.ActiveCfg = Release|Any CPU
		{249F5ABC-C1B6-4AB3-98AD-980D90E9B559}.Release|Any CPU.Build.0 = Release|Any CPU
	EndGlobalSection
	GlobalSection(SolutionProperties) = preSolution
		HideSolutionNode = FALSE
	EndGlobalSection
	GlobalSection(ExtensibilityGlobals) = postSolution
		SolutionGuid = {B019C4A5-373D-4D3C-B65C-00807628A865}
	EndGlobalSection
EndGlobal
