
Microsoft Visual Studio Solution File, Format Version 12.00
# Visual Studio Version 16
VisualStudioVersion = 16.0.29728.190
MinimumVisualStudioVersion = 10.0.40219.1
Project("{9A19103F-16F7-4668-BE54-9A1E7A4F7556}") = "Orleans.Security", "src\Orleans.Security\Orleans.Security.csproj", "{6A0355C2-63B1-4C46-B76B-B06424685983}"
EndProject
Project("{9A19103F-16F7-4668-BE54-9A1E7A4F7556}") = "Orleans.Security.Authorization", "src\Orleans.Security.Authorization\Orleans.Security.Authorization.csproj", "{EDFACD48-6377-41F6-B7E5-23B055062932}"
EndProject
Project("{9A19103F-16F7-4668-BE54-9A1E7A4F7556}") = "Orleans.Security.Client", "src\Orleans.Security.Client\Orleans.Security.Client.csproj", "{4AB0EAF5-F298-4C58-8A77-2D307131C73E}"
EndProject
Project("{9A19103F-16F7-4668-BE54-9A1E7A4F7556}") = "Orleans.Security.Clustering", "src\Orleans.Security.Clustering\Orleans.Security.Clustering.csproj", "{205066E5-EB89-4AC0-BA24-AFF1474A9C81}"
EndProject
Project("{9A19103F-16F7-4668-BE54-9A1E7A4F7556}") = "Orleans.Security.CoHosting", "src\Orleans.Security.CoHosting\Orleans.Security.CoHosting.csproj", "{3BE14B7B-A463-46D9-9183-334BC8C15859}"
EndProject
Global
	GlobalSection(SolutionConfigurationPlatforms) = preSolution
		Debug|Any CPU = Debug|Any CPU
		Release|Any CPU = Release|Any CPU
	EndGlobalSection
	GlobalSection(ProjectConfigurationPlatforms) = postSolution
		{6A0355C2-63B1-4C46-B76B-B06424685983}.Debug|Any CPU.ActiveCfg = Debug|Any CPU
		{6A0355C2-63B1-4C46-B76B-B06424685983}.Debug|Any CPU.Build.0 = Debug|Any CPU
		{6A0355C2-63B1-4C46-B76B-B06424685983}.Release|Any CPU.ActiveCfg = Release|Any CPU
		{6A0355C2-63B1-4C46-B76B-B06424685983}.Release|Any CPU.Build.0 = Release|Any CPU
		{EDFACD48-6377-41F6-B7E5-23B055062932}.Debug|Any CPU.ActiveCfg = Debug|Any CPU
		{EDFACD48-6377-41F6-B7E5-23B055062932}.Debug|Any CPU.Build.0 = Debug|Any CPU
		{EDFACD48-6377-41F6-B7E5-23B055062932}.Release|Any CPU.ActiveCfg = Release|Any CPU
		{EDFACD48-6377-41F6-B7E5-23B055062932}.Release|Any CPU.Build.0 = Release|Any CPU
		{4AB0EAF5-F298-4C58-8A77-2D307131C73E}.Debug|Any CPU.ActiveCfg = Debug|Any CPU
		{4AB0EAF5-F298-4C58-8A77-2D307131C73E}.Debug|Any CPU.Build.0 = Debug|Any CPU
		{4AB0EAF5-F298-4C58-8A77-2D307131C73E}.Release|Any CPU.ActiveCfg = Release|Any CPU
		{4AB0EAF5-F298-4C58-8A77-2D307131C73E}.Release|Any CPU.Build.0 = Release|Any CPU
		{205066E5-EB89-4AC0-BA24-AFF1474A9C81}.Debug|Any CPU.ActiveCfg = Debug|Any CPU
		{205066E5-EB89-4AC0-BA24-AFF1474A9C81}.Debug|Any CPU.Build.0 = Debug|Any CPU
		{205066E5-EB89-4AC0-BA24-AFF1474A9C81}.Release|Any CPU.ActiveCfg = Release|Any CPU
		{205066E5-EB89-4AC0-BA24-AFF1474A9C81}.Release|Any CPU.Build.0 = Release|Any CPU
		{3BE14B7B-A463-46D9-9183-334BC8C15859}.Debug|Any CPU.ActiveCfg = Debug|Any CPU
		{3BE14B7B-A463-46D9-9183-334BC8C15859}.Debug|Any CPU.Build.0 = Debug|Any CPU
		{3BE14B7B-A463-46D9-9183-334BC8C15859}.Release|Any CPU.ActiveCfg = Release|Any CPU
		{3BE14B7B-A463-46D9-9183-334BC8C15859}.Release|Any CPU.Build.0 = Release|Any CPU
	EndGlobalSection
	GlobalSection(SolutionProperties) = preSolution
		HideSolutionNode = FALSE
	EndGlobalSection
	GlobalSection(ExtensibilityGlobals) = postSolution
		SolutionGuid = {B019C4A5-373D-4D3C-B65C-00807628A865}
	EndGlobalSection
EndGlobal
