
Microsoft Visual Studio Solution File, Format Version 12.00
# Visual Studio 15
VisualStudioVersion = 15.0.27703.2026
MinimumVisualStudioVersion = 10.0.40219.1
Project("{2150E333-8FDC-42A3-9474-1A3956D46DE8}") = "samples", "samples", "{959E8356-9730-4855-8F4D-6376B8BCB4F2}"
EndProject
Project("{2150E333-8FDC-42A3-9474-1A3956D46DE8}") = "src", "src", "{B8259074-F610-4834-AAFB-A86316ADB663}"
EndProject
Project("{9A19103F-16F7-4668-BE54-9A1E7A4F7556}") = "SiloHost1", "samples\SiloHost1\SiloHost1.csproj", "{16D8D386-DB98-4FCD-8F7B-E1D52C427A25}"
EndProject
Project("{2150E333-8FDC-42A3-9474-1A3956D46DE8}") = "cluster", "cluster", "{149FEE41-CEB5-4242-88E3-B34CC825138D}"
EndProject
Project("{9A19103F-16F7-4668-BE54-9A1E7A4F7556}") = "ConsoleClient", "samples\ConsoleClient\ConsoleClient.csproj", "{E6DF22D7-604F-457B-84CD-C23F6100830F}"
EndProject
Project("{9A19103F-16F7-4668-BE54-9A1E7A4F7556}") = "Orleans.Security.Authorization", "src\Orleans.Security.Authorization\Orleans.Security.Authorization.csproj", "{CA982BF3-E940-4853-988B-A93046E92A36}"
EndProject
Project("{9A19103F-16F7-4668-BE54-9A1E7A4F7556}") = "Orleans.Security", "src\Orleans.Security\Orleans.Security.csproj", "{AA4A0E97-1853-479C-8DFC-4F70F3B59B53}"
EndProject
Project("{2150E333-8FDC-42A3-9474-1A3956D46DE8}") = "test", "test", "{E01BBEE2-F8CA-4DA9-A0E8-641CFD1B7AB2}"
EndProject
Project("{9A19103F-16F7-4668-BE54-9A1E7A4F7556}") = "Orleans.Security.IntegrationTests", "test\Orleans.Security.IntegrationTests\Orleans.Security.IntegrationTests.csproj", "{41781993-78CB-4B43-B1B8-7B6C0E85AEF1}"
EndProject
Project("{9A19103F-16F7-4668-BE54-9A1E7A4F7556}") = "IdentityServer", "samples\IdentityServer\IdentityServer\IdentityServer.csproj", "{508535DB-1D73-40C4-9EBF-214CC05284A7}"
EndProject
Project("{9A19103F-16F7-4668-BE54-9A1E7A4F7556}") = "Grains", "samples\Grains\Grains.csproj", "{8AA6C199-5FC1-4D49-A79F-1AC3C10CDEC2}"
EndProject
Project("{9A19103F-16F7-4668-BE54-9A1E7A4F7556}") = "GrainsInterfaces", "samples\Interfaces\GrainsInterfaces.csproj", "{1F66F78F-3EF5-4BA2-BEC0-44734D364B53}"
EndProject
Project("{9A19103F-16F7-4668-BE54-9A1E7A4F7556}") = "Api", "samples\Api\Api.csproj", "{08666333-9AE1-40B6-8119-DB0D4E1D3903}"
EndProject
Project("{9A19103F-16F7-4668-BE54-9A1E7A4F7556}") = "WebClient", "samples\WebClient\WebClient.csproj", "{6866A7C8-6C4D-46D8-B983-7F4FFD54950A}"
EndProject
Project("{9A19103F-16F7-4668-BE54-9A1E7A4F7556}") = "Orleans.Security.Client", "src\Orleans.Security.Client\Orleans.Security.Client.csproj", "{B0D04904-4301-46AD-A76A-E1AA2ED6A1AD}"
EndProject
Project("{9A19103F-16F7-4668-BE54-9A1E7A4F7556}") = "Orleans.Security.Clustering", "src\Orleans.Security.Clustering\Orleans.Security.Clustering.csproj", "{4ECB642E-F0F6-41E7-93F5-642D1B5DBBCB}"
EndProject
Project("{FAE04EC0-301F-11D3-BF4B-00C04F79EFBC}") = "Orleans.Security.TokenVerification.IntegrationTests", "test\Orleans.Security.TokenVerification.IntegrationTests\Orleans.Security.TokenVerification.IntegrationTests.csproj", "{29D3B43D-AB14-4E95-9DA3-3FDA568EB55E}"
EndProject
Global
	GlobalSection(SolutionConfigurationPlatforms) = preSolution
		Debug|Any CPU = Debug|Any CPU
		Release|Any CPU = Release|Any CPU
	EndGlobalSection
	GlobalSection(ProjectConfigurationPlatforms) = postSolution
		{16D8D386-DB98-4FCD-8F7B-E1D52C427A25}.Debug|Any CPU.ActiveCfg = Debug|Any CPU
		{16D8D386-DB98-4FCD-8F7B-E1D52C427A25}.Debug|Any CPU.Build.0 = Debug|Any CPU
		{16D8D386-DB98-4FCD-8F7B-E1D52C427A25}.Release|Any CPU.ActiveCfg = Release|Any CPU
		{16D8D386-DB98-4FCD-8F7B-E1D52C427A25}.Release|Any CPU.Build.0 = Release|Any CPU
		{E6DF22D7-604F-457B-84CD-C23F6100830F}.Debug|Any CPU.ActiveCfg = Debug|Any CPU
		{E6DF22D7-604F-457B-84CD-C23F6100830F}.Debug|Any CPU.Build.0 = Debug|Any CPU
		{E6DF22D7-604F-457B-84CD-C23F6100830F}.Release|Any CPU.ActiveCfg = Release|Any CPU
		{E6DF22D7-604F-457B-84CD-C23F6100830F}.Release|Any CPU.Build.0 = Release|Any CPU
		{CA982BF3-E940-4853-988B-A93046E92A36}.Debug|Any CPU.ActiveCfg = Debug|Any CPU
		{CA982BF3-E940-4853-988B-A93046E92A36}.Debug|Any CPU.Build.0 = Debug|Any CPU
		{CA982BF3-E940-4853-988B-A93046E92A36}.Release|Any CPU.ActiveCfg = Release|Any CPU
		{CA982BF3-E940-4853-988B-A93046E92A36}.Release|Any CPU.Build.0 = Release|Any CPU
		{AA4A0E97-1853-479C-8DFC-4F70F3B59B53}.Debug|Any CPU.ActiveCfg = Debug|Any CPU
		{AA4A0E97-1853-479C-8DFC-4F70F3B59B53}.Debug|Any CPU.Build.0 = Debug|Any CPU
		{AA4A0E97-1853-479C-8DFC-4F70F3B59B53}.Release|Any CPU.ActiveCfg = Release|Any CPU
		{AA4A0E97-1853-479C-8DFC-4F70F3B59B53}.Release|Any CPU.Build.0 = Release|Any CPU
		{41781993-78CB-4B43-B1B8-7B6C0E85AEF1}.Debug|Any CPU.ActiveCfg = Debug|Any CPU
		{41781993-78CB-4B43-B1B8-7B6C0E85AEF1}.Debug|Any CPU.Build.0 = Debug|Any CPU
		{41781993-78CB-4B43-B1B8-7B6C0E85AEF1}.Release|Any CPU.ActiveCfg = Release|Any CPU
		{41781993-78CB-4B43-B1B8-7B6C0E85AEF1}.Release|Any CPU.Build.0 = Release|Any CPU
		{508535DB-1D73-40C4-9EBF-214CC05284A7}.Debug|Any CPU.ActiveCfg = Debug|Any CPU
		{508535DB-1D73-40C4-9EBF-214CC05284A7}.Debug|Any CPU.Build.0 = Debug|Any CPU
		{508535DB-1D73-40C4-9EBF-214CC05284A7}.Release|Any CPU.ActiveCfg = Release|Any CPU
		{508535DB-1D73-40C4-9EBF-214CC05284A7}.Release|Any CPU.Build.0 = Release|Any CPU
		{8AA6C199-5FC1-4D49-A79F-1AC3C10CDEC2}.Debug|Any CPU.ActiveCfg = Debug|Any CPU
		{8AA6C199-5FC1-4D49-A79F-1AC3C10CDEC2}.Debug|Any CPU.Build.0 = Debug|Any CPU
		{8AA6C199-5FC1-4D49-A79F-1AC3C10CDEC2}.Release|Any CPU.ActiveCfg = Release|Any CPU
		{8AA6C199-5FC1-4D49-A79F-1AC3C10CDEC2}.Release|Any CPU.Build.0 = Release|Any CPU
		{1F66F78F-3EF5-4BA2-BEC0-44734D364B53}.Debug|Any CPU.ActiveCfg = Debug|Any CPU
		{1F66F78F-3EF5-4BA2-BEC0-44734D364B53}.Debug|Any CPU.Build.0 = Debug|Any CPU
		{1F66F78F-3EF5-4BA2-BEC0-44734D364B53}.Release|Any CPU.ActiveCfg = Release|Any CPU
		{1F66F78F-3EF5-4BA2-BEC0-44734D364B53}.Release|Any CPU.Build.0 = Release|Any CPU
		{08666333-9AE1-40B6-8119-DB0D4E1D3903}.Debug|Any CPU.ActiveCfg = Debug|Any CPU
		{08666333-9AE1-40B6-8119-DB0D4E1D3903}.Debug|Any CPU.Build.0 = Debug|Any CPU
		{08666333-9AE1-40B6-8119-DB0D4E1D3903}.Release|Any CPU.ActiveCfg = Release|Any CPU
		{08666333-9AE1-40B6-8119-DB0D4E1D3903}.Release|Any CPU.Build.0 = Release|Any CPU
		{6866A7C8-6C4D-46D8-B983-7F4FFD54950A}.Debug|Any CPU.ActiveCfg = Debug|Any CPU
		{6866A7C8-6C4D-46D8-B983-7F4FFD54950A}.Debug|Any CPU.Build.0 = Debug|Any CPU
		{6866A7C8-6C4D-46D8-B983-7F4FFD54950A}.Release|Any CPU.ActiveCfg = Release|Any CPU
		{6866A7C8-6C4D-46D8-B983-7F4FFD54950A}.Release|Any CPU.Build.0 = Release|Any CPU
		{B0D04904-4301-46AD-A76A-E1AA2ED6A1AD}.Debug|Any CPU.ActiveCfg = Debug|Any CPU
		{B0D04904-4301-46AD-A76A-E1AA2ED6A1AD}.Debug|Any CPU.Build.0 = Debug|Any CPU
		{B0D04904-4301-46AD-A76A-E1AA2ED6A1AD}.Release|Any CPU.ActiveCfg = Release|Any CPU
		{B0D04904-4301-46AD-A76A-E1AA2ED6A1AD}.Release|Any CPU.Build.0 = Release|Any CPU
		{4ECB642E-F0F6-41E7-93F5-642D1B5DBBCB}.Debug|Any CPU.ActiveCfg = Debug|Any CPU
		{4ECB642E-F0F6-41E7-93F5-642D1B5DBBCB}.Debug|Any CPU.Build.0 = Debug|Any CPU
		{4ECB642E-F0F6-41E7-93F5-642D1B5DBBCB}.Release|Any CPU.ActiveCfg = Release|Any CPU
		{4ECB642E-F0F6-41E7-93F5-642D1B5DBBCB}.Release|Any CPU.Build.0 = Release|Any CPU
		{29D3B43D-AB14-4E95-9DA3-3FDA568EB55E}.Debug|Any CPU.ActiveCfg = Debug|Any CPU
		{29D3B43D-AB14-4E95-9DA3-3FDA568EB55E}.Debug|Any CPU.Build.0 = Debug|Any CPU
		{29D3B43D-AB14-4E95-9DA3-3FDA568EB55E}.Release|Any CPU.ActiveCfg = Release|Any CPU
		{29D3B43D-AB14-4E95-9DA3-3FDA568EB55E}.Release|Any CPU.Build.0 = Release|Any CPU
	EndGlobalSection
	GlobalSection(SolutionProperties) = preSolution
		HideSolutionNode = FALSE
	EndGlobalSection
	GlobalSection(NestedProjects) = preSolution
		{16D8D386-DB98-4FCD-8F7B-E1D52C427A25} = {149FEE41-CEB5-4242-88E3-B34CC825138D}
		{149FEE41-CEB5-4242-88E3-B34CC825138D} = {959E8356-9730-4855-8F4D-6376B8BCB4F2}
		{E6DF22D7-604F-457B-84CD-C23F6100830F} = {959E8356-9730-4855-8F4D-6376B8BCB4F2}
		{CA982BF3-E940-4853-988B-A93046E92A36} = {B8259074-F610-4834-AAFB-A86316ADB663}
		{AA4A0E97-1853-479C-8DFC-4F70F3B59B53} = {B8259074-F610-4834-AAFB-A86316ADB663}
		{41781993-78CB-4B43-B1B8-7B6C0E85AEF1} = {E01BBEE2-F8CA-4DA9-A0E8-641CFD1B7AB2}
		{508535DB-1D73-40C4-9EBF-214CC05284A7} = {959E8356-9730-4855-8F4D-6376B8BCB4F2}
		{8AA6C199-5FC1-4D49-A79F-1AC3C10CDEC2} = {149FEE41-CEB5-4242-88E3-B34CC825138D}
		{1F66F78F-3EF5-4BA2-BEC0-44734D364B53} = {149FEE41-CEB5-4242-88E3-B34CC825138D}
		{08666333-9AE1-40B6-8119-DB0D4E1D3903} = {149FEE41-CEB5-4242-88E3-B34CC825138D}
		{6866A7C8-6C4D-46D8-B983-7F4FFD54950A} = {959E8356-9730-4855-8F4D-6376B8BCB4F2}
		{B0D04904-4301-46AD-A76A-E1AA2ED6A1AD} = {B8259074-F610-4834-AAFB-A86316ADB663}
		{4ECB642E-F0F6-41E7-93F5-642D1B5DBBCB} = {B8259074-F610-4834-AAFB-A86316ADB663}
		{29D3B43D-AB14-4E95-9DA3-3FDA568EB55E} = {E01BBEE2-F8CA-4DA9-A0E8-641CFD1B7AB2}
	EndGlobalSection
	GlobalSection(ExtensibilityGlobals) = postSolution
		SolutionGuid = {A230B4DE-036D-4400-ABD6-F39E51AA3F36}
	EndGlobalSection
EndGlobal
